
Microsoft Visual Studio Solution File, Format Version 12.00
# Visual Studio 2012
Project("{FAE04EC0-301F-11D3-BF4B-00C04F79EFBC}") = "WPFEntity", "WPFEntity\WPFEntity.csproj", "{81FE974C-0C10-4BE2-841C-4BAA1726D974}"
EndProject
Global
	GlobalSection(SolutionConfigurationPlatforms) = preSolution
		Debug|Any CPU = Debug|Any CPU
		Release|Any CPU = Release|Any CPU
	EndGlobalSection
	GlobalSection(ProjectConfigurationPlatforms) = postSolution
		{81FE974C-0C10-4BE2-841C-4BAA1726D974}.Debug|Any CPU.ActiveCfg = Debug|Any CPU
		{81FE974C-0C10-4BE2-841C-4BAA1726D974}.Debug|Any CPU.Build.0 = Debug|Any CPU
		{81FE974C-0C10-4BE2-841C-4BAA1726D974}.Release|Any CPU.ActiveCfg = Release|Any CPU
		{81FE974C-0C10-4BE2-841C-4BAA1726D974}.Release|Any CPU.Build.0 = Release|Any CPU
	EndGlobalSection
	GlobalSection(SolutionProperties) = preSolution
		HideSolutionNode = FALSE
	EndGlobalSection
EndGlobal
