
Microsoft Visual Studio Solution File, Format Version 12.00
# Visual Studio 2012
Project("{FAE04EC0-301F-11D3-BF4B-00C04F79EFBC}") = "Complex", "Complex\Complex.csproj", "{584AD111-116D-4422-93A7-F6C7CD1FFCFD}"
EndProject
Global
	GlobalSection(SolutionConfigurationPlatforms) = preSolution
		Debug|Any CPU = Debug|Any CPU
		Release|Any CPU = Release|Any CPU
	EndGlobalSection
	GlobalSection(ProjectConfigurationPlatforms) = postSolution
		{584AD111-116D-4422-93A7-F6C7CD1FFCFD}.Debug|Any CPU.ActiveCfg = Debug|Any CPU
		{584AD111-116D-4422-93A7-F6C7CD1FFCFD}.Debug|Any CPU.Build.0 = Debug|Any CPU
		{584AD111-116D-4422-93A7-F6C7CD1FFCFD}.Release|Any CPU.ActiveCfg = Release|Any CPU
		{584AD111-116D-4422-93A7-F6C7CD1FFCFD}.Release|Any CPU.Build.0 = Release|Any CPU
	EndGlobalSection
	GlobalSection(SolutionProperties) = preSolution
		HideSolutionNode = FALSE
	EndGlobalSection
EndGlobal
