
Microsoft Visual Studio Solution File, Format Version 12.00
# Visual Studio 2012
Project("{FAE04EC0-301F-11D3-BF4B-00C04F79EFBC}") = "Capitals", "Capitals\Capitals.csproj", "{8A91B0BB-667A-41AF-9415-FD967BF926BC}"
EndProject
Global
	GlobalSection(SolutionConfigurationPlatforms) = preSolution
		Debug|Any CPU = Debug|Any CPU
		Release|Any CPU = Release|Any CPU
	EndGlobalSection
	GlobalSection(ProjectConfigurationPlatforms) = postSolution
		{8A91B0BB-667A-41AF-9415-FD967BF926BC}.Debug|Any CPU.ActiveCfg = Debug|Any CPU
		{8A91B0BB-667A-41AF-9415-FD967BF926BC}.Debug|Any CPU.Build.0 = Debug|Any CPU
		{8A91B0BB-667A-41AF-9415-FD967BF926BC}.Release|Any CPU.ActiveCfg = Release|Any CPU
		{8A91B0BB-667A-41AF-9415-FD967BF926BC}.Release|Any CPU.Build.0 = Release|Any CPU
	EndGlobalSection
	GlobalSection(SolutionProperties) = preSolution
		HideSolutionNode = FALSE
	EndGlobalSection
EndGlobal
