
Microsoft Visual Studio Solution File, Format Version 12.00
# Visual Studio 2012
Project("{FAE04EC0-301F-11D3-BF4B-00C04F79EFBC}") = "MathString", "MathString\MathString.csproj", "{A3AF38FD-4FEF-484C-BB2C-0E86B77C58B9}"
EndProject
Global
	GlobalSection(SolutionConfigurationPlatforms) = preSolution
		Debug|Any CPU = Debug|Any CPU
		Release|Any CPU = Release|Any CPU
	EndGlobalSection
	GlobalSection(ProjectConfigurationPlatforms) = postSolution
		{A3AF38FD-4FEF-484C-BB2C-0E86B77C58B9}.Debug|Any CPU.ActiveCfg = Debug|Any CPU
		{A3AF38FD-4FEF-484C-BB2C-0E86B77C58B9}.Debug|Any CPU.Build.0 = Debug|Any CPU
		{A3AF38FD-4FEF-484C-BB2C-0E86B77C58B9}.Release|Any CPU.ActiveCfg = Release|Any CPU
		{A3AF38FD-4FEF-484C-BB2C-0E86B77C58B9}.Release|Any CPU.Build.0 = Release|Any CPU
	EndGlobalSection
	GlobalSection(SolutionProperties) = preSolution
		HideSolutionNode = FALSE
	EndGlobalSection
EndGlobal
