
Microsoft Visual Studio Solution File, Format Version 12.00
# Visual Studio 2012
Project("{FAE04EC0-301F-11D3-BF4B-00C04F79EFBC}") = "InterfaceImgProject", "InterfaceImgProject\InterfaceImgProject.csproj", "{C78AD35B-3E38-45E0-855C-EF0F9D410276}"
EndProject
Project("{FAE04EC0-301F-11D3-BF4B-00C04F79EFBC}") = "MainProjectImage", "MainProjectImage\MainProjectImage.csproj", "{B5D1D6E0-9B89-4F70-A450-69755D66A92C}"
EndProject
Project("{FAE04EC0-301F-11D3-BF4B-00C04F79EFBC}") = "PluginImageProject", "PluginImageProject\PluginImageProject.csproj", "{F084C209-2987-4875-919D-8597B310BA8E}"
EndProject
Global
	GlobalSection(SolutionConfigurationPlatforms) = preSolution
		Debug|Any CPU = Debug|Any CPU
		Release|Any CPU = Release|Any CPU
	EndGlobalSection
	GlobalSection(ProjectConfigurationPlatforms) = postSolution
		{C78AD35B-3E38-45E0-855C-EF0F9D410276}.Debug|Any CPU.ActiveCfg = Debug|Any CPU
		{C78AD35B-3E38-45E0-855C-EF0F9D410276}.Debug|Any CPU.Build.0 = Debug|Any CPU
		{C78AD35B-3E38-45E0-855C-EF0F9D410276}.Release|Any CPU.ActiveCfg = Release|Any CPU
		{C78AD35B-3E38-45E0-855C-EF0F9D410276}.Release|Any CPU.Build.0 = Release|Any CPU
		{B5D1D6E0-9B89-4F70-A450-69755D66A92C}.Debug|Any CPU.ActiveCfg = Debug|Any CPU
		{B5D1D6E0-9B89-4F70-A450-69755D66A92C}.Debug|Any CPU.Build.0 = Debug|Any CPU
		{B5D1D6E0-9B89-4F70-A450-69755D66A92C}.Release|Any CPU.ActiveCfg = Release|Any CPU
		{B5D1D6E0-9B89-4F70-A450-69755D66A92C}.Release|Any CPU.Build.0 = Release|Any CPU
		{F084C209-2987-4875-919D-8597B310BA8E}.Debug|Any CPU.ActiveCfg = Debug|Any CPU
		{F084C209-2987-4875-919D-8597B310BA8E}.Debug|Any CPU.Build.0 = Debug|Any CPU
		{F084C209-2987-4875-919D-8597B310BA8E}.Release|Any CPU.ActiveCfg = Release|Any CPU
		{F084C209-2987-4875-919D-8597B310BA8E}.Release|Any CPU.Build.0 = Release|Any CPU
	EndGlobalSection
	GlobalSection(SolutionProperties) = preSolution
		HideSolutionNode = FALSE
	EndGlobalSection
EndGlobal
