
Microsoft Visual Studio Solution File, Format Version 12.00
# Visual Studio 2012
Project("{FAE04EC0-301F-11D3-BF4B-00C04F79EFBC}") = "Translator", "Translator\Translator.csproj", "{C0BD709A-FC86-4E35-91EF-6A21CB8304DE}"
EndProject
Global
	GlobalSection(SolutionConfigurationPlatforms) = preSolution
		Debug|Any CPU = Debug|Any CPU
		Release|Any CPU = Release|Any CPU
	EndGlobalSection
	GlobalSection(ProjectConfigurationPlatforms) = postSolution
		{C0BD709A-FC86-4E35-91EF-6A21CB8304DE}.Debug|Any CPU.ActiveCfg = Debug|Any CPU
		{C0BD709A-FC86-4E35-91EF-6A21CB8304DE}.Debug|Any CPU.Build.0 = Debug|Any CPU
		{C0BD709A-FC86-4E35-91EF-6A21CB8304DE}.Release|Any CPU.ActiveCfg = Release|Any CPU
		{C0BD709A-FC86-4E35-91EF-6A21CB8304DE}.Release|Any CPU.Build.0 = Release|Any CPU
	EndGlobalSection
	GlobalSection(SolutionProperties) = preSolution
		HideSolutionNode = FALSE
	EndGlobalSection
EndGlobal
