
Microsoft Visual Studio Solution File, Format Version 12.00
# Visual Studio 2012
Project("{FAE04EC0-301F-11D3-BF4B-00C04F79EFBC}") = "array2", "array2\array2.csproj", "{205FBA37-187B-45A0-8B15-88B5EA35CB19}"
EndProject
Global
	GlobalSection(SolutionConfigurationPlatforms) = preSolution
		Debug|Any CPU = Debug|Any CPU
		Release|Any CPU = Release|Any CPU
	EndGlobalSection
	GlobalSection(ProjectConfigurationPlatforms) = postSolution
		{205FBA37-187B-45A0-8B15-88B5EA35CB19}.Debug|Any CPU.ActiveCfg = Debug|Any CPU
		{205FBA37-187B-45A0-8B15-88B5EA35CB19}.Debug|Any CPU.Build.0 = Debug|Any CPU
		{205FBA37-187B-45A0-8B15-88B5EA35CB19}.Release|Any CPU.ActiveCfg = Release|Any CPU
		{205FBA37-187B-45A0-8B15-88B5EA35CB19}.Release|Any CPU.Build.0 = Release|Any CPU
	EndGlobalSection
	GlobalSection(SolutionProperties) = preSolution
		HideSolutionNode = FALSE
	EndGlobalSection
EndGlobal
